Microsoft Visual Studio Solution File, Format Version 11.00
# Visual Studio 2008

Project("{A6FFB31C-67DB-6EA1-835B-CE10EA2DA6CD}") = "MultiPlatformStoryBuilder", "Assembly-CSharp-firstpass.csproj", "{2CCB09AA-9729-5FF5-4CBC-612DF8632C4E}"
EndProject
Project("{A6FFB31C-67DB-6EA1-835B-CE10EA2DA6CD}") = "MultiPlatformStoryBuilder", "Assembly-CSharp.csproj", "{34F778EB-5215-E808-1389-9944FAAABC98}"
EndProject
Project("{A6FFB31C-67DB-6EA1-835B-CE10EA2DA6CD}") = "MultiPlatformStoryBuilder", "Assembly-CSharp-Editor.csproj", "{B29320D2-B0F4-AA99-9078-72AEC2075409}"
EndProject
Global
	GlobalSection(SolutionConfigurationPlatforms) = preSolution
		Debug|Any CPU = Debug|Any CPU
		Release|Any CPU = Release|Any CPU
	EndGlobalSection
	GlobalSection(ProjectConfigurationPlatforms) = postSolution
		{2CCB09AA-9729-5FF5-4CBC-612DF8632C4E}.Debug|Any CPU.ActiveCfg = Debug|Any CPU
		{2CCB09AA-9729-5FF5-4CBC-612DF8632C4E}.Debug|Any CPU.Build.0 = Debug|Any CPU
		{2CCB09AA-9729-5FF5-4CBC-612DF8632C4E}.Release|Any CPU.ActiveCfg = Release|Any CPU
		{2CCB09AA-9729-5FF5-4CBC-612DF8632C4E}.Release|Any CPU.Build.0 = Release|Any CPU
		{34F778EB-5215-E808-1389-9944FAAABC98}.Debug|Any CPU.ActiveCfg = Debug|Any CPU
		{34F778EB-5215-E808-1389-9944FAAABC98}.Debug|Any CPU.Build.0 = Debug|Any CPU
		{34F778EB-5215-E808-1389-9944FAAABC98}.Release|Any CPU.ActiveCfg = Release|Any CPU
		{34F778EB-5215-E808-1389-9944FAAABC98}.Release|Any CPU.Build.0 = Release|Any CPU
		{B29320D2-B0F4-AA99-9078-72AEC2075409}.Debug|Any CPU.ActiveCfg = Debug|Any CPU
		{B29320D2-B0F4-AA99-9078-72AEC2075409}.Debug|Any CPU.Build.0 = Debug|Any CPU
		{B29320D2-B0F4-AA99-9078-72AEC2075409}.Release|Any CPU.ActiveCfg = Release|Any CPU
		{B29320D2-B0F4-AA99-9078-72AEC2075409}.Release|Any CPU.Build.0 = Release|Any CPU
	EndGlobalSection
	GlobalSection(SolutionProperties) = preSolution
		HideSolutionNode = FALSE
	EndGlobalSection
	GlobalSection(MonoDevelopProperties) = preSolution
		StartupItem = Assembly-CSharp.csproj
	EndGlobalSection
EndGlobal
